
Microsoft Visual Studio Solution File, Format Version 12.00
# Visual Studio 15
VisualStudioVersion = 15.0.27019.1
MinimumVisualStudioVersion = 10.0.40219.1
Project("{9A19103F-16F7-4668-BE54-9A1E7A4F7556}") = "Confluent.Kafka", "src\Confluent.Kafka\Confluent.Kafka.csproj", "{8859B121-D3C0-421E-8A0E-1C6F3B395A1F}"
EndProject
Project("{2150E333-8FDC-42A3-9474-1A3956D46DE8}") = "src", "src", "{59EE4CB4-41F6-4CE5-96ED-F5EAE0164417}"
EndProject
Project("{2150E333-8FDC-42A3-9474-1A3956D46DE8}") = "test", "test", "{399116BF-334E-4F4F-BB63-F128707EBA85}"
EndProject
Project("{2150E333-8FDC-42A3-9474-1A3956D46DE8}") = "examples", "examples", "{5E013DDE-CA17-4B15-B1CA-E262B67DBD6A}"
EndProject
Project("{9A19103F-16F7-4668-BE54-9A1E7A4F7556}") = "Confluent.Kafka.Benchmark", "test\Confluent.Kafka.Benchmark\Confluent.Kafka.Benchmark.csproj", "{834002CD-49C1-46ED-8F0C-82F106D5B2D0}"
EndProject
Project("{9A19103F-16F7-4668-BE54-9A1E7A4F7556}") = "Confluent.Kafka.IntegrationTests", "test\Confluent.Kafka.IntegrationTests\Confluent.Kafka.IntegrationTests.csproj", "{1CEF3B29-510F-49E0-9D72-81E156C8D045}"
EndProject
Project("{9A19103F-16F7-4668-BE54-9A1E7A4F7556}") = "Confluent.Kafka.UnitTests", "test\Confluent.Kafka.UnitTests\Confluent.Kafka.UnitTests.csproj", "{72604989-50E7-4F91-AC7A-B662157C967E}"
EndProject
Project("{9A19103F-16F7-4668-BE54-9A1E7A4F7556}") = "Confluent.Kafka.VerifiableClient", "test\Confluent.Kafka.VerifiableClient\Confluent.Kafka.VerifiableClient.csproj", "{11FF917E-DBA7-4D5F-A407-9BFD6211E7E3}"
EndProject
Project("{9A19103F-16F7-4668-BE54-9A1E7A4F7556}") = "Consumer", "examples\Consumer\Consumer.csproj", "{73839CCE-2985-4AA4-8FA2-9DFC27E831DC}"
EndProject
Project("{9A19103F-16F7-4668-BE54-9A1E7A4F7556}") = "Producer", "examples\Producer\Producer.csproj", "{EF047ED8-F6FF-40C3-A1BE-E3E963627103}"
EndProject
Project("{9A19103F-16F7-4668-BE54-9A1E7A4F7556}") = "Misc", "examples\Misc\Misc.csproj", "{3BED8840-0890-4953-85FB-F6A7F82D767A}"
EndProject
Project("{9A19103F-16F7-4668-BE54-9A1E7A4F7556}") = "MultiProducer", "examples\MultiProducer\MultiProducer.csproj", "{877AE1AA-3DA6-4933-BE85-214AA623E222}"
EndProject
Project("{9A19103F-16F7-4668-BE54-9A1E7A4F7556}") = "Confluent.Kafka.Avro", "src\Confluent.Kafka.Avro\Confluent.Kafka.Avro.csproj", "{FAF96869-D279-4ECA-9C7F-6AEFFF688031}"
EndProject
Project("{9A19103F-16F7-4668-BE54-9A1E7A4F7556}") = "Confluent.SchemaRegistry", "src\Confluent.SchemaRegistry\Confluent.SchemaRegistry.csproj", "{661BE4AE-56B3-4ED9-A7E0-29D91B1C09DA}"
EndProject
Project("{9A19103F-16F7-4668-BE54-9A1E7A4F7556}") = "Confluent.Kafka.Avro.UnitTests", "test\Confluent.Kafka.Avro.UnitTests\Confluent.Kafka.Avro.UnitTests.csproj", "{E1AE307A-05F1-4CE5-80AC-EA8E8FF8E9F9}"
EndProject
Project("{9A19103F-16F7-4668-BE54-9A1E7A4F7556}") = "Confluent.Kafka.Avro.IntegrationTests", "test\Confluent.Kafka.Avro.IntegrationTests\Confluent.Kafka.Avro.IntegrationTests.csproj", "{7067703F-78EA-40CE-B2F7-32CA90FF50C3}"
EndProject
Project("{9A19103F-16F7-4668-BE54-9A1E7A4F7556}") = "AvroSpecific", "examples\AvroSpecific\AvroSpecific.csproj", "{45B586D3-7CCA-46B0-A118-A070D84E8364}"
EndProject
Project("{9A19103F-16F7-4668-BE54-9A1E7A4F7556}") = "Confluent.SchemaRegistry.UnitTests", "test\Confluent.SchemaRegistry.UnitTests\Confluent.SchemaRegistry.UnitTests.csproj", "{29DA188E-CB20-4A9C-AC4E-50B442B9AC7D}"
EndProject
Project("{9A19103F-16F7-4668-BE54-9A1E7A4F7556}") = "Confluent.SchemaRegistry.IntegrationTests", "test\Confluent.SchemaRegistry.IntegrationTests\Confluent.SchemaRegistry.IntegrationTests.csproj", "{2F5F0775-3708-40B7-A71F-442E83F6BB3D}"
EndProject
Project("{9A19103F-16F7-4668-BE54-9A1E7A4F7556}") = "AvroGeneric", "examples\AvroGeneric\AvroGeneric.csproj", "{A526023B-B642-402C-A196-B6E3B3F40BE2}"
EndProject
Project("{9A19103F-16F7-4668-BE54-9A1E7A4F7556}") = "ConfluentCloud", "examples\ConfluentCloud\ConfluentCloud.csproj", "{8D0A39A0-4217-465B-96D9-B31EB2A3EAFA}"
EndProject
Project("{9A19103F-16F7-4668-BE54-9A1E7A4F7556}") = "AvroBlogExamples", "examples\AvroBlogExamples\AvroBlogExamples.csproj", "{A315597D-29D9-4A57-9A41-994916803AB7}"
EndProject
Global
	GlobalSection(SolutionConfigurationPlatforms) = preSolution
		Debug|Any CPU = Debug|Any CPU
		Debug|x64 = Debug|x64
		Debug|x86 = Debug|x86
		Release|Any CPU = Release|Any CPU
		Release|x64 = Release|x64
		Release|x86 = Release|x86
	EndGlobalSection
	GlobalSection(ProjectConfigurationPlatforms) = postSolution
		{8859B121-D3C0-421E-8A0E-1C6F3B395A1F}.Debug|Any CPU.ActiveCfg = Debug|Any CPU
		{8859B121-D3C0-421E-8A0E-1C6F3B395A1F}.Debug|Any CPU.Build.0 = Debug|Any CPU
		{8859B121-D3C0-421E-8A0E-1C6F3B395A1F}.Debug|x64.ActiveCfg = Debug|Any CPU
		{8859B121-D3C0-421E-8A0E-1C6F3B395A1F}.Debug|x64.Build.0 = Debug|Any CPU
		{8859B121-D3C0-421E-8A0E-1C6F3B395A1F}.Debug|x86.ActiveCfg = Debug|Any CPU
		{8859B121-D3C0-421E-8A0E-1C6F3B395A1F}.Debug|x86.Build.0 = Debug|Any CPU
		{8859B121-D3C0-421E-8A0E-1C6F3B395A1F}.Release|Any CPU.ActiveCfg = Release|Any CPU
		{8859B121-D3C0-421E-8A0E-1C6F3B395A1F}.Release|Any CPU.Build.0 = Release|Any CPU
		{8859B121-D3C0-421E-8A0E-1C6F3B395A1F}.Release|x64.ActiveCfg = Release|Any CPU
		{8859B121-D3C0-421E-8A0E-1C6F3B395A1F}.Release|x64.Build.0 = Release|Any CPU
		{8859B121-D3C0-421E-8A0E-1C6F3B395A1F}.Release|x86.ActiveCfg = Release|Any CPU
		{8859B121-D3C0-421E-8A0E-1C6F3B395A1F}.Release|x86.Build.0 = Release|Any CPU
		{834002CD-49C1-46ED-8F0C-82F106D5B2D0}.Debug|Any CPU.ActiveCfg = Debug|Any CPU
		{834002CD-49C1-46ED-8F0C-82F106D5B2D0}.Debug|Any CPU.Build.0 = Debug|Any CPU
		{834002CD-49C1-46ED-8F0C-82F106D5B2D0}.Debug|x64.ActiveCfg = Debug|Any CPU
		{834002CD-49C1-46ED-8F0C-82F106D5B2D0}.Debug|x64.Build.0 = Debug|Any CPU
		{834002CD-49C1-46ED-8F0C-82F106D5B2D0}.Debug|x86.ActiveCfg = Debug|Any CPU
		{834002CD-49C1-46ED-8F0C-82F106D5B2D0}.Debug|x86.Build.0 = Debug|Any CPU
		{834002CD-49C1-46ED-8F0C-82F106D5B2D0}.Release|Any CPU.ActiveCfg = Release|Any CPU
		{834002CD-49C1-46ED-8F0C-82F106D5B2D0}.Release|Any CPU.Build.0 = Release|Any CPU
		{834002CD-49C1-46ED-8F0C-82F106D5B2D0}.Release|x64.ActiveCfg = Release|Any CPU
		{834002CD-49C1-46ED-8F0C-82F106D5B2D0}.Release|x64.Build.0 = Release|Any CPU
		{834002CD-49C1-46ED-8F0C-82F106D5B2D0}.Release|x86.ActiveCfg = Release|Any CPU
		{834002CD-49C1-46ED-8F0C-82F106D5B2D0}.Release|x86.Build.0 = Release|Any CPU
		{1CEF3B29-510F-49E0-9D72-81E156C8D045}.Debug|Any CPU.ActiveCfg = Debug|Any CPU
		{1CEF3B29-510F-49E0-9D72-81E156C8D045}.Debug|Any CPU.Build.0 = Debug|Any CPU
		{1CEF3B29-510F-49E0-9D72-81E156C8D045}.Debug|x64.ActiveCfg = Debug|Any CPU
		{1CEF3B29-510F-49E0-9D72-81E156C8D045}.Debug|x64.Build.0 = Debug|Any CPU
		{1CEF3B29-510F-49E0-9D72-81E156C8D045}.Debug|x86.ActiveCfg = Debug|Any CPU
		{1CEF3B29-510F-49E0-9D72-81E156C8D045}.Debug|x86.Build.0 = Debug|Any CPU
		{1CEF3B29-510F-49E0-9D72-81E156C8D045}.Release|Any CPU.ActiveCfg = Release|Any CPU
		{1CEF3B29-510F-49E0-9D72-81E156C8D045}.Release|Any CPU.Build.0 = Release|Any CPU
		{1CEF3B29-510F-49E0-9D72-81E156C8D045}.Release|x64.ActiveCfg = Release|Any CPU
		{1CEF3B29-510F-49E0-9D72-81E156C8D045}.Release|x64.Build.0 = Release|Any CPU
		{1CEF3B29-510F-49E0-9D72-81E156C8D045}.Release|x86.ActiveCfg = Release|Any CPU
		{1CEF3B29-510F-49E0-9D72-81E156C8D045}.Release|x86.Build.0 = Release|Any CPU
		{72604989-50E7-4F91-AC7A-B662157C967E}.Debug|Any CPU.ActiveCfg = Debug|Any CPU
		{72604989-50E7-4F91-AC7A-B662157C967E}.Debug|Any CPU.Build.0 = Debug|Any CPU
		{72604989-50E7-4F91-AC7A-B662157C967E}.Debug|x64.ActiveCfg = Debug|Any CPU
		{72604989-50E7-4F91-AC7A-B662157C967E}.Debug|x64.Build.0 = Debug|Any CPU
		{72604989-50E7-4F91-AC7A-B662157C967E}.Debug|x86.ActiveCfg = Debug|Any CPU
		{72604989-50E7-4F91-AC7A-B662157C967E}.Debug|x86.Build.0 = Debug|Any CPU
		{72604989-50E7-4F91-AC7A-B662157C967E}.Release|Any CPU.ActiveCfg = Release|Any CPU
		{72604989-50E7-4F91-AC7A-B662157C967E}.Release|Any CPU.Build.0 = Release|Any CPU
		{72604989-50E7-4F91-AC7A-B662157C967E}.Release|x64.ActiveCfg = Release|Any CPU
		{72604989-50E7-4F91-AC7A-B662157C967E}.Release|x64.Build.0 = Release|Any CPU
		{72604989-50E7-4F91-AC7A-B662157C967E}.Release|x86.ActiveCfg = Release|Any CPU
		{72604989-50E7-4F91-AC7A-B662157C967E}.Release|x86.Build.0 = Release|Any CPU
		{11FF917E-DBA7-4D5F-A407-9BFD6211E7E3}.Debug|Any CPU.ActiveCfg = Debug|Any CPU
		{11FF917E-DBA7-4D5F-A407-9BFD6211E7E3}.Debug|Any CPU.Build.0 = Debug|Any CPU
		{11FF917E-DBA7-4D5F-A407-9BFD6211E7E3}.Debug|x64.ActiveCfg = Debug|Any CPU
		{11FF917E-DBA7-4D5F-A407-9BFD6211E7E3}.Debug|x64.Build.0 = Debug|Any CPU
		{11FF917E-DBA7-4D5F-A407-9BFD6211E7E3}.Debug|x86.ActiveCfg = Debug|Any CPU
		{11FF917E-DBA7-4D5F-A407-9BFD6211E7E3}.Debug|x86.Build.0 = Debug|Any CPU
		{11FF917E-DBA7-4D5F-A407-9BFD6211E7E3}.Release|Any CPU.ActiveCfg = Release|Any CPU
		{11FF917E-DBA7-4D5F-A407-9BFD6211E7E3}.Release|Any CPU.Build.0 = Release|Any CPU
		{11FF917E-DBA7-4D5F-A407-9BFD6211E7E3}.Release|x64.ActiveCfg = Release|Any CPU
		{11FF917E-DBA7-4D5F-A407-9BFD6211E7E3}.Release|x64.Build.0 = Release|Any CPU
		{11FF917E-DBA7-4D5F-A407-9BFD6211E7E3}.Release|x86.ActiveCfg = Release|Any CPU
		{11FF917E-DBA7-4D5F-A407-9BFD6211E7E3}.Release|x86.Build.0 = Release|Any CPU
		{73839CCE-2985-4AA4-8FA2-9DFC27E831DC}.Debug|Any CPU.ActiveCfg = Debug|Any CPU
		{73839CCE-2985-4AA4-8FA2-9DFC27E831DC}.Debug|Any CPU.Build.0 = Debug|Any CPU
		{73839CCE-2985-4AA4-8FA2-9DFC27E831DC}.Debug|x64.ActiveCfg = Debug|Any CPU
		{73839CCE-2985-4AA4-8FA2-9DFC27E831DC}.Debug|x64.Build.0 = Debug|Any CPU
		{73839CCE-2985-4AA4-8FA2-9DFC27E831DC}.Debug|x86.ActiveCfg = Debug|Any CPU
		{73839CCE-2985-4AA4-8FA2-9DFC27E831DC}.Debug|x86.Build.0 = Debug|Any CPU
		{73839CCE-2985-4AA4-8FA2-9DFC27E831DC}.Release|Any CPU.ActiveCfg = Release|Any CPU
		{73839CCE-2985-4AA4-8FA2-9DFC27E831DC}.Release|Any CPU.Build.0 = Release|Any CPU
		{73839CCE-2985-4AA4-8FA2-9DFC27E831DC}.Release|x64.ActiveCfg = Release|Any CPU
		{73839CCE-2985-4AA4-8FA2-9DFC27E831DC}.Release|x64.Build.0 = Release|Any CPU
		{73839CCE-2985-4AA4-8FA2-9DFC27E831DC}.Release|x86.ActiveCfg = Release|Any CPU
		{73839CCE-2985-4AA4-8FA2-9DFC27E831DC}.Release|x86.Build.0 = Release|Any CPU
		{EF047ED8-F6FF-40C3-A1BE-E3E963627103}.Debug|Any CPU.ActiveCfg = Debug|Any CPU
		{EF047ED8-F6FF-40C3-A1BE-E3E963627103}.Debug|Any CPU.Build.0 = Debug|Any CPU
		{EF047ED8-F6FF-40C3-A1BE-E3E963627103}.Debug|x64.ActiveCfg = Debug|Any CPU
		{EF047ED8-F6FF-40C3-A1BE-E3E963627103}.Debug|x64.Build.0 = Debug|Any CPU
		{EF047ED8-F6FF-40C3-A1BE-E3E963627103}.Debug|x86.ActiveCfg = Debug|Any CPU
		{EF047ED8-F6FF-40C3-A1BE-E3E963627103}.Debug|x86.Build.0 = Debug|Any CPU
		{EF047ED8-F6FF-40C3-A1BE-E3E963627103}.Release|Any CPU.ActiveCfg = Release|Any CPU
		{EF047ED8-F6FF-40C3-A1BE-E3E963627103}.Release|Any CPU.Build.0 = Release|Any CPU
		{EF047ED8-F6FF-40C3-A1BE-E3E963627103}.Release|x64.ActiveCfg = Release|Any CPU
		{EF047ED8-F6FF-40C3-A1BE-E3E963627103}.Release|x64.Build.0 = Release|Any CPU
		{EF047ED8-F6FF-40C3-A1BE-E3E963627103}.Release|x86.ActiveCfg = Release|Any CPU
		{EF047ED8-F6FF-40C3-A1BE-E3E963627103}.Release|x86.Build.0 = Release|Any CPU
		{3BED8840-0890-4953-85FB-F6A7F82D767A}.Debug|Any CPU.ActiveCfg = Debug|Any CPU
		{3BED8840-0890-4953-85FB-F6A7F82D767A}.Debug|Any CPU.Build.0 = Debug|Any CPU
		{3BED8840-0890-4953-85FB-F6A7F82D767A}.Debug|x64.ActiveCfg = Debug|Any CPU
		{3BED8840-0890-4953-85FB-F6A7F82D767A}.Debug|x64.Build.0 = Debug|Any CPU
		{3BED8840-0890-4953-85FB-F6A7F82D767A}.Debug|x86.ActiveCfg = Debug|Any CPU
		{3BED8840-0890-4953-85FB-F6A7F82D767A}.Debug|x86.Build.0 = Debug|Any CPU
		{3BED8840-0890-4953-85FB-F6A7F82D767A}.Release|Any CPU.ActiveCfg = Release|Any CPU
		{3BED8840-0890-4953-85FB-F6A7F82D767A}.Release|Any CPU.Build.0 = Release|Any CPU
		{3BED8840-0890-4953-85FB-F6A7F82D767A}.Release|x64.ActiveCfg = Release|Any CPU
		{3BED8840-0890-4953-85FB-F6A7F82D767A}.Release|x64.Build.0 = Release|Any CPU
		{3BED8840-0890-4953-85FB-F6A7F82D767A}.Release|x86.ActiveCfg = Release|Any CPU
		{3BED8840-0890-4953-85FB-F6A7F82D767A}.Release|x86.Build.0 = Release|Any CPU
		{877AE1AA-3DA6-4933-BE85-214AA623E222}.Debug|Any CPU.ActiveCfg = Debug|Any CPU
		{877AE1AA-3DA6-4933-BE85-214AA623E222}.Debug|Any CPU.Build.0 = Debug|Any CPU
		{877AE1AA-3DA6-4933-BE85-214AA623E222}.Debug|x64.ActiveCfg = Debug|Any CPU
		{877AE1AA-3DA6-4933-BE85-214AA623E222}.Debug|x64.Build.0 = Debug|Any CPU
		{877AE1AA-3DA6-4933-BE85-214AA623E222}.Debug|x86.ActiveCfg = Debug|Any CPU
		{877AE1AA-3DA6-4933-BE85-214AA623E222}.Debug|x86.Build.0 = Debug|Any CPU
		{877AE1AA-3DA6-4933-BE85-214AA623E222}.Release|Any CPU.ActiveCfg = Release|Any CPU
		{877AE1AA-3DA6-4933-BE85-214AA623E222}.Release|Any CPU.Build.0 = Release|Any CPU
		{877AE1AA-3DA6-4933-BE85-214AA623E222}.Release|x64.ActiveCfg = Release|Any CPU
		{877AE1AA-3DA6-4933-BE85-214AA623E222}.Release|x64.Build.0 = Release|Any CPU
		{877AE1AA-3DA6-4933-BE85-214AA623E222}.Release|x86.ActiveCfg = Release|Any CPU
		{877AE1AA-3DA6-4933-BE85-214AA623E222}.Release|x86.Build.0 = Release|Any CPU
		{FAF96869-D279-4ECA-9C7F-6AEFFF688031}.Debug|Any CPU.ActiveCfg = Debug|Any CPU
		{FAF96869-D279-4ECA-9C7F-6AEFFF688031}.Debug|Any CPU.Build.0 = Debug|Any CPU
		{FAF96869-D279-4ECA-9C7F-6AEFFF688031}.Debug|x64.ActiveCfg = Debug|Any CPU
		{FAF96869-D279-4ECA-9C7F-6AEFFF688031}.Debug|x64.Build.0 = Debug|Any CPU
		{FAF96869-D279-4ECA-9C7F-6AEFFF688031}.Debug|x86.ActiveCfg = Debug|Any CPU
		{FAF96869-D279-4ECA-9C7F-6AEFFF688031}.Debug|x86.Build.0 = Debug|Any CPU
		{FAF96869-D279-4ECA-9C7F-6AEFFF688031}.Release|Any CPU.ActiveCfg = Release|Any CPU
		{FAF96869-D279-4ECA-9C7F-6AEFFF688031}.Release|Any CPU.Build.0 = Release|Any CPU
		{FAF96869-D279-4ECA-9C7F-6AEFFF688031}.Release|x64.ActiveCfg = Release|Any CPU
		{FAF96869-D279-4ECA-9C7F-6AEFFF688031}.Release|x64.Build.0 = Release|Any CPU
		{FAF96869-D279-4ECA-9C7F-6AEFFF688031}.Release|x86.ActiveCfg = Release|Any CPU
		{FAF96869-D279-4ECA-9C7F-6AEFFF688031}.Release|x86.Build.0 = Release|Any CPU
		{661BE4AE-56B3-4ED9-A7E0-29D91B1C09DA}.Debug|Any CPU.ActiveCfg = Debug|Any CPU
		{661BE4AE-56B3-4ED9-A7E0-29D91B1C09DA}.Debug|Any CPU.Build.0 = Debug|Any CPU
		{661BE4AE-56B3-4ED9-A7E0-29D91B1C09DA}.Debug|x64.ActiveCfg = Debug|Any CPU
		{661BE4AE-56B3-4ED9-A7E0-29D91B1C09DA}.Debug|x64.Build.0 = Debug|Any CPU
		{661BE4AE-56B3-4ED9-A7E0-29D91B1C09DA}.Debug|x86.ActiveCfg = Debug|Any CPU
		{661BE4AE-56B3-4ED9-A7E0-29D91B1C09DA}.Debug|x86.Build.0 = Debug|Any CPU
		{661BE4AE-56B3-4ED9-A7E0-29D91B1C09DA}.Release|Any CPU.ActiveCfg = Release|Any CPU
		{661BE4AE-56B3-4ED9-A7E0-29D91B1C09DA}.Release|Any CPU.Build.0 = Release|Any CPU
		{661BE4AE-56B3-4ED9-A7E0-29D91B1C09DA}.Release|x64.ActiveCfg = Release|Any CPU
		{661BE4AE-56B3-4ED9-A7E0-29D91B1C09DA}.Release|x64.Build.0 = Release|Any CPU
		{661BE4AE-56B3-4ED9-A7E0-29D91B1C09DA}.Release|x86.ActiveCfg = Release|Any CPU
		{661BE4AE-56B3-4ED9-A7E0-29D91B1C09DA}.Release|x86.Build.0 = Release|Any CPU
		{E1AE307A-05F1-4CE5-80AC-EA8E8FF8E9F9}.Debug|Any CPU.ActiveCfg = Debug|Any CPU
		{E1AE307A-05F1-4CE5-80AC-EA8E8FF8E9F9}.Debug|Any CPU.Build.0 = Debug|Any CPU
		{E1AE307A-05F1-4CE5-80AC-EA8E8FF8E9F9}.Debug|x64.ActiveCfg = Debug|Any CPU
		{E1AE307A-05F1-4CE5-80AC-EA8E8FF8E9F9}.Debug|x64.Build.0 = Debug|Any CPU
		{E1AE307A-05F1-4CE5-80AC-EA8E8FF8E9F9}.Debug|x86.ActiveCfg = Debug|Any CPU
		{E1AE307A-05F1-4CE5-80AC-EA8E8FF8E9F9}.Debug|x86.Build.0 = Debug|Any CPU
		{E1AE307A-05F1-4CE5-80AC-EA8E8FF8E9F9}.Release|Any CPU.ActiveCfg = Release|Any CPU
		{E1AE307A-05F1-4CE5-80AC-EA8E8FF8E9F9}.Release|Any CPU.Build.0 = Release|Any CPU
		{E1AE307A-05F1-4CE5-80AC-EA8E8FF8E9F9}.Release|x64.ActiveCfg = Release|Any CPU
		{E1AE307A-05F1-4CE5-80AC-EA8E8FF8E9F9}.Release|x64.Build.0 = Release|Any CPU
		{E1AE307A-05F1-4CE5-80AC-EA8E8FF8E9F9}.Release|x86.ActiveCfg = Release|Any CPU
		{E1AE307A-05F1-4CE5-80AC-EA8E8FF8E9F9}.Release|x86.Build.0 = Release|Any CPU
		{7067703F-78EA-40CE-B2F7-32CA90FF50C3}.Debug|Any CPU.ActiveCfg = Debug|Any CPU
		{7067703F-78EA-40CE-B2F7-32CA90FF50C3}.Debug|Any CPU.Build.0 = Debug|Any CPU
		{7067703F-78EA-40CE-B2F7-32CA90FF50C3}.Debug|x64.ActiveCfg = Debug|Any CPU
		{7067703F-78EA-40CE-B2F7-32CA90FF50C3}.Debug|x64.Build.0 = Debug|Any CPU
		{7067703F-78EA-40CE-B2F7-32CA90FF50C3}.Debug|x86.ActiveCfg = Debug|Any CPU
		{7067703F-78EA-40CE-B2F7-32CA90FF50C3}.Debug|x86.Build.0 = Debug|Any CPU
		{7067703F-78EA-40CE-B2F7-32CA90FF50C3}.Release|Any CPU.ActiveCfg = Release|Any CPU
		{7067703F-78EA-40CE-B2F7-32CA90FF50C3}.Release|Any CPU.Build.0 = Release|Any CPU
		{7067703F-78EA-40CE-B2F7-32CA90FF50C3}.Release|x64.ActiveCfg = Release|Any CPU
		{7067703F-78EA-40CE-B2F7-32CA90FF50C3}.Release|x64.Build.0 = Release|Any CPU
		{7067703F-78EA-40CE-B2F7-32CA90FF50C3}.Release|x86.ActiveCfg = Release|Any CPU
		{7067703F-78EA-40CE-B2F7-32CA90FF50C3}.Release|x86.Build.0 = Release|Any CPU
		{45B586D3-7CCA-46B0-A118-A070D84E8364}.Debug|Any CPU.ActiveCfg = Debug|Any CPU
		{45B586D3-7CCA-46B0-A118-A070D84E8364}.Debug|Any CPU.Build.0 = Debug|Any CPU
		{45B586D3-7CCA-46B0-A118-A070D84E8364}.Debug|x64.ActiveCfg = Debug|Any CPU
		{45B586D3-7CCA-46B0-A118-A070D84E8364}.Debug|x64.Build.0 = Debug|Any CPU
		{45B586D3-7CCA-46B0-A118-A070D84E8364}.Debug|x86.ActiveCfg = Debug|Any CPU
		{45B586D3-7CCA-46B0-A118-A070D84E8364}.Debug|x86.Build.0 = Debug|Any CPU
		{45B586D3-7CCA-46B0-A118-A070D84E8364}.Release|Any CPU.ActiveCfg = Release|Any CPU
		{45B586D3-7CCA-46B0-A118-A070D84E8364}.Release|Any CPU.Build.0 = Release|Any CPU
		{45B586D3-7CCA-46B0-A118-A070D84E8364}.Release|x64.ActiveCfg = Release|Any CPU
		{45B586D3-7CCA-46B0-A118-A070D84E8364}.Release|x64.Build.0 = Release|Any CPU
		{45B586D3-7CCA-46B0-A118-A070D84E8364}.Release|x86.ActiveCfg = Release|Any CPU
		{45B586D3-7CCA-46B0-A118-A070D84E8364}.Release|x86.Build.0 = Release|Any CPU
		{29DA188E-CB20-4A9C-AC4E-50B442B9AC7D}.Debug|Any CPU.ActiveCfg = Debug|Any CPU
		{29DA188E-CB20-4A9C-AC4E-50B442B9AC7D}.Debug|Any CPU.Build.0 = Debug|Any CPU
		{29DA188E-CB20-4A9C-AC4E-50B442B9AC7D}.Debug|x64.ActiveCfg = Debug|Any CPU
		{29DA188E-CB20-4A9C-AC4E-50B442B9AC7D}.Debug|x64.Build.0 = Debug|Any CPU
		{29DA188E-CB20-4A9C-AC4E-50B442B9AC7D}.Debug|x86.ActiveCfg = Debug|Any CPU
		{29DA188E-CB20-4A9C-AC4E-50B442B9AC7D}.Debug|x86.Build.0 = Debug|Any CPU
		{29DA188E-CB20-4A9C-AC4E-50B442B9AC7D}.Release|Any CPU.ActiveCfg = Release|Any CPU
		{29DA188E-CB20-4A9C-AC4E-50B442B9AC7D}.Release|Any CPU.Build.0 = Release|Any CPU
		{29DA188E-CB20-4A9C-AC4E-50B442B9AC7D}.Release|x64.ActiveCfg = Release|Any CPU
		{29DA188E-CB20-4A9C-AC4E-50B442B9AC7D}.Release|x64.Build.0 = Release|Any CPU
		{29DA188E-CB20-4A9C-AC4E-50B442B9AC7D}.Release|x86.ActiveCfg = Release|Any CPU
		{29DA188E-CB20-4A9C-AC4E-50B442B9AC7D}.Release|x86.Build.0 = Release|Any CPU
		{2F5F0775-3708-40B7-A71F-442E83F6BB3D}.Debug|Any CPU.ActiveCfg = Debug|Any CPU
		{2F5F0775-3708-40B7-A71F-442E83F6BB3D}.Debug|Any CPU.Build.0 = Debug|Any CPU
		{2F5F0775-3708-40B7-A71F-442E83F6BB3D}.Debug|x64.ActiveCfg = Debug|Any CPU
		{2F5F0775-3708-40B7-A71F-442E83F6BB3D}.Debug|x64.Build.0 = Debug|Any CPU
		{2F5F0775-3708-40B7-A71F-442E83F6BB3D}.Debug|x86.ActiveCfg = Debug|Any CPU
		{2F5F0775-3708-40B7-A71F-442E83F6BB3D}.Debug|x86.Build.0 = Debug|Any CPU
		{2F5F0775-3708-40B7-A71F-442E83F6BB3D}.Release|Any CPU.ActiveCfg = Release|Any CPU
		{2F5F0775-3708-40B7-A71F-442E83F6BB3D}.Release|Any CPU.Build.0 = Release|Any CPU
		{2F5F0775-3708-40B7-A71F-442E83F6BB3D}.Release|x64.ActiveCfg = Release|Any CPU
		{2F5F0775-3708-40B7-A71F-442E83F6BB3D}.Release|x64.Build.0 = Release|Any CPU
		{2F5F0775-3708-40B7-A71F-442E83F6BB3D}.Release|x86.ActiveCfg = Release|Any CPU
		{2F5F0775-3708-40B7-A71F-442E83F6BB3D}.Release|x86.Build.0 = Release|Any CPU
		{A526023B-B642-402C-A196-B6E3B3F40BE2}.Debug|Any CPU.ActiveCfg = Debug|Any CPU
		{A526023B-B642-402C-A196-B6E3B3F40BE2}.Debug|Any CPU.Build.0 = Debug|Any CPU
		{A526023B-B642-402C-A196-B6E3B3F40BE2}.Debug|x64.ActiveCfg = Debug|Any CPU
		{A526023B-B642-402C-A196-B6E3B3F40BE2}.Debug|x64.Build.0 = Debug|Any CPU
		{A526023B-B642-402C-A196-B6E3B3F40BE2}.Debug|x86.ActiveCfg = Debug|Any CPU
		{A526023B-B642-402C-A196-B6E3B3F40BE2}.Debug|x86.Build.0 = Debug|Any CPU
		{A526023B-B642-402C-A196-B6E3B3F40BE2}.Release|Any CPU.ActiveCfg = Release|Any CPU
		{A526023B-B642-402C-A196-B6E3B3F40BE2}.Release|Any CPU.Build.0 = Release|Any CPU
		{A526023B-B642-402C-A196-B6E3B3F40BE2}.Release|x64.ActiveCfg = Release|Any CPU
		{A526023B-B642-402C-A196-B6E3B3F40BE2}.Release|x64.Build.0 = Release|Any CPU
		{A526023B-B642-402C-A196-B6E3B3F40BE2}.Release|x86.ActiveCfg = Release|Any CPU
		{A526023B-B642-402C-A196-B6E3B3F40BE2}.Release|x86.Build.0 = Release|Any CPU
		{8D0A39A0-4217-465B-96D9-B31EB2A3EAFA}.Debug|Any CPU.ActiveCfg = Debug|Any CPU
		{8D0A39A0-4217-465B-96D9-B31EB2A3EAFA}.Debug|Any CPU.Build.0 = Debug|Any CPU
		{8D0A39A0-4217-465B-96D9-B31EB2A3EAFA}.Debug|x64.ActiveCfg = Debug|Any CPU
		{8D0A39A0-4217-465B-96D9-B31EB2A3EAFA}.Debug|x64.Build.0 = Debug|Any CPU
		{8D0A39A0-4217-465B-96D9-B31EB2A3EAFA}.Debug|x86.ActiveCfg = Debug|Any CPU
		{8D0A39A0-4217-465B-96D9-B31EB2A3EAFA}.Debug|x86.Build.0 = Debug|Any CPU
		{8D0A39A0-4217-465B-96D9-B31EB2A3EAFA}.Release|Any CPU.ActiveCfg = Release|Any CPU
		{8D0A39A0-4217-465B-96D9-B31EB2A3EAFA}.Release|Any CPU.Build.0 = Release|Any CPU
		{8D0A39A0-4217-465B-96D9-B31EB2A3EAFA}.Release|x64.ActiveCfg = Release|Any CPU
		{8D0A39A0-4217-465B-96D9-B31EB2A3EAFA}.Release|x64.Build.0 = Release|Any CPU
		{8D0A39A0-4217-465B-96D9-B31EB2A3EAFA}.Release|x86.ActiveCfg = Release|Any CPU
		{8D0A39A0-4217-465B-96D9-B31EB2A3EAFA}.Release|x86.Build.0 = Release|Any CPU
		{A315597D-29D9-4A57-9A41-994916803AB7}.Debug|Any CPU.ActiveCfg = Debug|Any CPU
		{A315597D-29D9-4A57-9A41-994916803AB7}.Debug|Any CPU.Build.0 = Debug|Any CPU
		{A315597D-29D9-4A57-9A41-994916803AB7}.Debug|x64.ActiveCfg = Debug|Any CPU
		{A315597D-29D9-4A57-9A41-994916803AB7}.Debug|x64.Build.0 = Debug|Any CPU
		{A315597D-29D9-4A57-9A41-994916803AB7}.Debug|x86.ActiveCfg = Debug|Any CPU
		{A315597D-29D9-4A57-9A41-994916803AB7}.Debug|x86.Build.0 = Debug|Any CPU
		{A315597D-29D9-4A57-9A41-994916803AB7}.Release|Any CPU.ActiveCfg = Release|Any CPU
		{A315597D-29D9-4A57-9A41-994916803AB7}.Release|Any CPU.Build.0 = Release|Any CPU
		{A315597D-29D9-4A57-9A41-994916803AB7}.Release|x64.ActiveCfg = Release|Any CPU
		{A315597D-29D9-4A57-9A41-994916803AB7}.Release|x64.Build.0 = Release|Any CPU
		{A315597D-29D9-4A57-9A41-994916803AB7}.Release|x86.ActiveCfg = Release|Any CPU
		{A315597D-29D9-4A57-9A41-994916803AB7}.Release|x86.Build.0 = Release|Any CPU
	EndGlobalSection
	GlobalSection(SolutionProperties) = preSolution
		HideSolutionNode = FALSE
	EndGlobalSection
	GlobalSection(NestedProjects) = preSolution
		{8859B121-D3C0-421E-8A0E-1C6F3B395A1F} = {59EE4CB4-41F6-4CE5-96ED-F5EAE0164417}
		{834002CD-49C1-46ED-8F0C-82F106D5B2D0} = {399116BF-334E-4F4F-BB63-F128707EBA85}
		{1CEF3B29-510F-49E0-9D72-81E156C8D045} = {399116BF-334E-4F4F-BB63-F128707EBA85}
		{72604989-50E7-4F91-AC7A-B662157C967E} = {399116BF-334E-4F4F-BB63-F128707EBA85}
		{11FF917E-DBA7-4D5F-A407-9BFD6211E7E3} = {399116BF-334E-4F4F-BB63-F128707EBA85}
		{73839CCE-2985-4AA4-8FA2-9DFC27E831DC} = {5E013DDE-CA17-4B15-B1CA-E262B67DBD6A}
		{EF047ED8-F6FF-40C3-A1BE-E3E963627103} = {5E013DDE-CA17-4B15-B1CA-E262B67DBD6A}
		{3BED8840-0890-4953-85FB-F6A7F82D767A} = {5E013DDE-CA17-4B15-B1CA-E262B67DBD6A}
		{877AE1AA-3DA6-4933-BE85-214AA623E222} = {5E013DDE-CA17-4B15-B1CA-E262B67DBD6A}
		{FAF96869-D279-4ECA-9C7F-6AEFFF688031} = {59EE4CB4-41F6-4CE5-96ED-F5EAE0164417}
		{661BE4AE-56B3-4ED9-A7E0-29D91B1C09DA} = {59EE4CB4-41F6-4CE5-96ED-F5EAE0164417}
		{E1AE307A-05F1-4CE5-80AC-EA8E8FF8E9F9} = {399116BF-334E-4F4F-BB63-F128707EBA85}
		{7067703F-78EA-40CE-B2F7-32CA90FF50C3} = {399116BF-334E-4F4F-BB63-F128707EBA85}
		{45B586D3-7CCA-46B0-A118-A070D84E8364} = {5E013DDE-CA17-4B15-B1CA-E262B67DBD6A}
		{29DA188E-CB20-4A9C-AC4E-50B442B9AC7D} = {399116BF-334E-4F4F-BB63-F128707EBA85}
		{2F5F0775-3708-40B7-A71F-442E83F6BB3D} = {399116BF-334E-4F4F-BB63-F128707EBA85}
		{A526023B-B642-402C-A196-B6E3B3F40BE2} = {5E013DDE-CA17-4B15-B1CA-E262B67DBD6A}
		{8D0A39A0-4217-465B-96D9-B31EB2A3EAFA} = {5E013DDE-CA17-4B15-B1CA-E262B67DBD6A}
		{A315597D-29D9-4A57-9A41-994916803AB7} = {5E013DDE-CA17-4B15-B1CA-E262B67DBD6A}
	EndGlobalSection
	GlobalSection(ExtensibilityGlobals) = postSolution
		SolutionGuid = {CC489066-2768-4B90-9C6D-5F360D877242}
	EndGlobalSection
EndGlobal
