
Microsoft Visual Studio Solution File, Format Version 12.00
# Visual Studio 15
VisualStudioVersion = 15.0.26430.6
MinimumVisualStudioVersion = 10.0.40219.1
Project("{9A19103F-16F7-4668-BE54-9A1E7A4F7556}") = "Confluent.Kafka", "src\Confluent.Kafka\Confluent.Kafka.csproj", "{8859B121-D3C0-421E-8A0E-1C6F3B395A1F}"
EndProject
Project("{2150E333-8FDC-42A3-9474-1A3956D46DE8}") = "src", "src", "{59EE4CB4-41F6-4CE5-96ED-F5EAE0164417}"
EndProject
Project("{2150E333-8FDC-42A3-9474-1A3956D46DE8}") = "test", "test", "{399116BF-334E-4F4F-BB63-F128707EBA85}"
EndProject
Project("{2150E333-8FDC-42A3-9474-1A3956D46DE8}") = "examples", "examples", "{5E013DDE-CA17-4B15-B1CA-E262B67DBD6A}"
EndProject
Project("{9A19103F-16F7-4668-BE54-9A1E7A4F7556}") = "Confluent.Kafka.Benchmark", "test\Confluent.Kafka.Benchmark\Confluent.Kafka.Benchmark.csproj", "{834002CD-49C1-46ED-8F0C-82F106D5B2D0}"
EndProject
Project("{9A19103F-16F7-4668-BE54-9A1E7A4F7556}") = "Confluent.Kafka.IntegrationTests", "test\Confluent.Kafka.IntegrationTests\Confluent.Kafka.IntegrationTests.csproj", "{1CEF3B29-510F-49E0-9D72-81E156C8D045}"
EndProject
Project("{9A19103F-16F7-4668-BE54-9A1E7A4F7556}") = "Confluent.Kafka.UnitTests", "test\Confluent.Kafka.UnitTests\Confluent.Kafka.UnitTests.csproj", "{72604989-50E7-4F91-AC7A-B662157C967E}"
EndProject
Project("{9A19103F-16F7-4668-BE54-9A1E7A4F7556}") = "Confluent.Kafka.VerifiableClient", "test\Confluent.Kafka.VerifiableClient\Confluent.Kafka.VerifiableClient.csproj", "{11FF917E-DBA7-4D5F-A407-9BFD6211E7E3}"
EndProject
Project("{9A19103F-16F7-4668-BE54-9A1E7A4F7556}") = "AdvancedConsumer", "examples\AdvancedConsumer\AdvancedConsumer.csproj", "{73839CCE-2985-4AA4-8FA2-9DFC27E831DC}"
EndProject
Project("{9A19103F-16F7-4668-BE54-9A1E7A4F7556}") = "AdvancedProducer", "examples\AdvancedProducer\AdvancedProducer.csproj", "{EF047ED8-F6FF-40C3-A1BE-E3E963627103}"
EndProject
Project("{9A19103F-16F7-4668-BE54-9A1E7A4F7556}") = "Misc", "examples\Misc\Misc.csproj", "{3BED8840-0890-4953-85FB-F6A7F82D767A}"
EndProject
Project("{9A19103F-16F7-4668-BE54-9A1E7A4F7556}") = "MultiProducer", "examples\MultiProducer\MultiProducer.csproj", "{877AE1AA-3DA6-4933-BE85-214AA623E222}"
EndProject
Project("{9A19103F-16F7-4668-BE54-9A1E7A4F7556}") = "SimpleConsumer", "examples\SimpleConsumer\SimpleConsumer.csproj", "{25002C63-82EE-43BF-A63F-A3D01AC5D0F1}"
EndProject
Project("{9A19103F-16F7-4668-BE54-9A1E7A4F7556}") = "SimpleProducer", "examples\SimpleProducer\SimpleProducer.csproj", "{835A806F-D265-44CA-BA30-F71ABD33A1FC}"
EndProject
Project("{2150E333-8FDC-42A3-9474-1A3956D46DE8}") = "Solution Items", "Solution Items", "{6AD243E9-3BA3-4F38-AAF1-B16550C0C607}"
	ProjectSection(SolutionItems) = preProject
		.gitignore = .gitignore
		.travis.yml = .travis.yml
		appveyor.yml = appveyor.yml
		LICENSE = LICENSE
		Makefile = Makefile
		README.md = README.md
	EndProjectSection
EndProject
Global
	GlobalSection(SolutionConfigurationPlatforms) = preSolution
		Debug|Any CPU = Debug|Any CPU
		Release|Any CPU = Release|Any CPU
	EndGlobalSection
	GlobalSection(ProjectConfigurationPlatforms) = postSolution
		{8859B121-D3C0-421E-8A0E-1C6F3B395A1F}.Debug|Any CPU.ActiveCfg = Debug|Any CPU
		{8859B121-D3C0-421E-8A0E-1C6F3B395A1F}.Debug|Any CPU.Build.0 = Debug|Any CPU
		{8859B121-D3C0-421E-8A0E-1C6F3B395A1F}.Release|Any CPU.ActiveCfg = Release|Any CPU
		{8859B121-D3C0-421E-8A0E-1C6F3B395A1F}.Release|Any CPU.Build.0 = Release|Any CPU
		{834002CD-49C1-46ED-8F0C-82F106D5B2D0}.Debug|Any CPU.ActiveCfg = Debug|Any CPU
		{834002CD-49C1-46ED-8F0C-82F106D5B2D0}.Debug|Any CPU.Build.0 = Debug|Any CPU
		{834002CD-49C1-46ED-8F0C-82F106D5B2D0}.Release|Any CPU.ActiveCfg = Release|Any CPU
		{834002CD-49C1-46ED-8F0C-82F106D5B2D0}.Release|Any CPU.Build.0 = Release|Any CPU
		{1CEF3B29-510F-49E0-9D72-81E156C8D045}.Debug|Any CPU.ActiveCfg = Debug|Any CPU
		{1CEF3B29-510F-49E0-9D72-81E156C8D045}.Debug|Any CPU.Build.0 = Debug|Any CPU
		{1CEF3B29-510F-49E0-9D72-81E156C8D045}.Release|Any CPU.ActiveCfg = Release|Any CPU
		{1CEF3B29-510F-49E0-9D72-81E156C8D045}.Release|Any CPU.Build.0 = Release|Any CPU
		{72604989-50E7-4F91-AC7A-B662157C967E}.Debug|Any CPU.ActiveCfg = Debug|Any CPU
		{72604989-50E7-4F91-AC7A-B662157C967E}.Debug|Any CPU.Build.0 = Debug|Any CPU
		{72604989-50E7-4F91-AC7A-B662157C967E}.Release|Any CPU.ActiveCfg = Release|Any CPU
		{72604989-50E7-4F91-AC7A-B662157C967E}.Release|Any CPU.Build.0 = Release|Any CPU
		{11FF917E-DBA7-4D5F-A407-9BFD6211E7E3}.Debug|Any CPU.ActiveCfg = Debug|Any CPU
		{11FF917E-DBA7-4D5F-A407-9BFD6211E7E3}.Debug|Any CPU.Build.0 = Debug|Any CPU
		{11FF917E-DBA7-4D5F-A407-9BFD6211E7E3}.Release|Any CPU.ActiveCfg = Release|Any CPU
		{11FF917E-DBA7-4D5F-A407-9BFD6211E7E3}.Release|Any CPU.Build.0 = Release|Any CPU
		{73839CCE-2985-4AA4-8FA2-9DFC27E831DC}.Debug|Any CPU.ActiveCfg = Debug|Any CPU
		{73839CCE-2985-4AA4-8FA2-9DFC27E831DC}.Debug|Any CPU.Build.0 = Debug|Any CPU
		{73839CCE-2985-4AA4-8FA2-9DFC27E831DC}.Release|Any CPU.ActiveCfg = Release|Any CPU
		{73839CCE-2985-4AA4-8FA2-9DFC27E831DC}.Release|Any CPU.Build.0 = Release|Any CPU
		{EF047ED8-F6FF-40C3-A1BE-E3E963627103}.Debug|Any CPU.ActiveCfg = Debug|Any CPU
		{EF047ED8-F6FF-40C3-A1BE-E3E963627103}.Debug|Any CPU.Build.0 = Debug|Any CPU
		{EF047ED8-F6FF-40C3-A1BE-E3E963627103}.Release|Any CPU.ActiveCfg = Release|Any CPU
		{EF047ED8-F6FF-40C3-A1BE-E3E963627103}.Release|Any CPU.Build.0 = Release|Any CPU
		{3BED8840-0890-4953-85FB-F6A7F82D767A}.Debug|Any CPU.ActiveCfg = Debug|Any CPU
		{3BED8840-0890-4953-85FB-F6A7F82D767A}.Debug|Any CPU.Build.0 = Debug|Any CPU
		{3BED8840-0890-4953-85FB-F6A7F82D767A}.Release|Any CPU.ActiveCfg = Release|Any CPU
		{3BED8840-0890-4953-85FB-F6A7F82D767A}.Release|Any CPU.Build.0 = Release|Any CPU
		{877AE1AA-3DA6-4933-BE85-214AA623E222}.Debug|Any CPU.ActiveCfg = Debug|Any CPU
		{877AE1AA-3DA6-4933-BE85-214AA623E222}.Debug|Any CPU.Build.0 = Debug|Any CPU
		{877AE1AA-3DA6-4933-BE85-214AA623E222}.Release|Any CPU.ActiveCfg = Release|Any CPU
		{877AE1AA-3DA6-4933-BE85-214AA623E222}.Release|Any CPU.Build.0 = Release|Any CPU
		{25002C63-82EE-43BF-A63F-A3D01AC5D0F1}.Debug|Any CPU.ActiveCfg = Debug|Any CPU
		{25002C63-82EE-43BF-A63F-A3D01AC5D0F1}.Debug|Any CPU.Build.0 = Debug|Any CPU
		{25002C63-82EE-43BF-A63F-A3D01AC5D0F1}.Release|Any CPU.ActiveCfg = Release|Any CPU
		{25002C63-82EE-43BF-A63F-A3D01AC5D0F1}.Release|Any CPU.Build.0 = Release|Any CPU
		{835A806F-D265-44CA-BA30-F71ABD33A1FC}.Debug|Any CPU.ActiveCfg = Debug|Any CPU
		{835A806F-D265-44CA-BA30-F71ABD33A1FC}.Debug|Any CPU.Build.0 = Debug|Any CPU
		{835A806F-D265-44CA-BA30-F71ABD33A1FC}.Release|Any CPU.ActiveCfg = Release|Any CPU
		{835A806F-D265-44CA-BA30-F71ABD33A1FC}.Release|Any CPU.Build.0 = Release|Any CPU
	EndGlobalSection
	GlobalSection(SolutionProperties) = preSolution
		HideSolutionNode = FALSE
	EndGlobalSection
	GlobalSection(NestedProjects) = preSolution
		{8859B121-D3C0-421E-8A0E-1C6F3B395A1F} = {59EE4CB4-41F6-4CE5-96ED-F5EAE0164417}
		{834002CD-49C1-46ED-8F0C-82F106D5B2D0} = {399116BF-334E-4F4F-BB63-F128707EBA85}
		{1CEF3B29-510F-49E0-9D72-81E156C8D045} = {399116BF-334E-4F4F-BB63-F128707EBA85}
		{72604989-50E7-4F91-AC7A-B662157C967E} = {399116BF-334E-4F4F-BB63-F128707EBA85}
		{11FF917E-DBA7-4D5F-A407-9BFD6211E7E3} = {399116BF-334E-4F4F-BB63-F128707EBA85}
		{73839CCE-2985-4AA4-8FA2-9DFC27E831DC} = {5E013DDE-CA17-4B15-B1CA-E262B67DBD6A}
		{EF047ED8-F6FF-40C3-A1BE-E3E963627103} = {5E013DDE-CA17-4B15-B1CA-E262B67DBD6A}
		{3BED8840-0890-4953-85FB-F6A7F82D767A} = {5E013DDE-CA17-4B15-B1CA-E262B67DBD6A}
		{877AE1AA-3DA6-4933-BE85-214AA623E222} = {5E013DDE-CA17-4B15-B1CA-E262B67DBD6A}
		{25002C63-82EE-43BF-A63F-A3D01AC5D0F1} = {5E013DDE-CA17-4B15-B1CA-E262B67DBD6A}
		{835A806F-D265-44CA-BA30-F71ABD33A1FC} = {5E013DDE-CA17-4B15-B1CA-E262B67DBD6A}
	EndGlobalSection
EndGlobal
